
Microsoft Visual Studio Solution File, Format Version 12.00
Project("{FAE04EC0-301F-11D3-BF4B-00C04F79EFBC}") = "Bourdeau_E_07226_420-DA3-AS", "Bourdeau_E_07226_420-DA3-AS\Bourdeau_E_07226_420-DA3-AS.csproj", "{C1189E75-BCDE-43C5-AD59-B3ECF5696C6F}"
EndProject
Global
	GlobalSection(SolutionConfigurationPlatforms) = preSolution
		Debug|Any CPU = Debug|Any CPU
		Release|Any CPU = Release|Any CPU
	EndGlobalSection
	GlobalSection(ProjectConfigurationPlatforms) = postSolution
		{C1189E75-BCDE-43C5-AD59-B3ECF5696C6F}.Debug|Any CPU.ActiveCfg = Debug|Any CPU
		{C1189E75-BCDE-43C5-AD59-B3ECF5696C6F}.Debug|Any CPU.Build.0 = Debug|Any CPU
		{C1189E75-BCDE-43C5-AD59-B3ECF5696C6F}.Release|Any CPU.ActiveCfg = Release|Any CPU
		{C1189E75-BCDE-43C5-AD59-B3ECF5696C6F}.Release|Any CPU.Build.0 = Release|Any CPU
	EndGlobalSection
EndGlobal
